// !$*UTF8*$!
{
	archiveVersion = 1;
	classes = {
	};
	objectVersion = 56;
	objects = {

/* Begin PBXBuildFile section */
		154D20582C4DF07C0025B253 /* Demo_SwiftUI_MapAppApp.swift in Sources */ = {isa = PBXBuildFile; fileRef = 154D20572C4DF07C0025B253 /* Demo_SwiftUI_MapAppApp.swift */; };
		154D205A2C4DF07C0025B253 /* ContentView.swift in Sources */ = {isa = PBXBuildFile; fileRef = 154D20592C4DF07C0025B253 /* ContentView.swift */; };
		154D205F2C4DF07D0025B253 /* Preview Assets.xcassets in Resources */ = {isa = PBXBuildFile; fileRef = 154D205E2C4DF07D0025B253 /* Preview Assets.xcassets */; };
		154D20662C4DF0990025B253 /* Assets.xcassets in Resources */ = {isa = PBXBuildFile; fileRef = 154D20652C4DF0990025B253 /* Assets.xcassets */; };
		154D206B2C4DF1A90025B253 /* Location.swift in Sources */ = {isa = PBXBuildFile; fileRef = 154D206A2C4DF1A90025B253 /* Location.swift */; };
		154D206E2C4DF2AD0025B253 /* LocationsDataService.swift in Sources */ = {isa = PBXBuildFile; fileRef = 154D206D2C4DF2AD0025B253 /* LocationsDataService.swift */; };
		15AECD322C4EF7130034323D /* LocationsView.swift in Sources */ = {isa = PBXBuildFile; fileRef = 15AECD312C4EF7130034323D /* LocationsView.swift */; };
		15AECD342C4F35E80034323D /* LocationsViewModel.swift in Sources */ = {isa = PBXBuildFile; fileRef = 15AECD332C4F35E80034323D /* LocationsViewModel.swift */; };
/* End PBXBuildFile section */

/* Begin PBXFileReference section */
		154D20542C4DF07C0025B253 /* Demo-SwiftUI-MapApp.app */ = {isa = PBXFileReference; explicitFileType = wrapper.application; includeInIndex = 0; path = "Demo-SwiftUI-MapApp.app"; sourceTree = BUILT_PRODUCTS_DIR; };
		154D20572C4DF07C0025B253 /* Demo_SwiftUI_MapAppApp.swift */ = {isa = PBXFileReference; lastKnownFileType = sourcecode.swift; path = Demo_SwiftUI_MapAppApp.swift; sourceTree = "<group>"; };
		154D20592C4DF07C0025B253 /* ContentView.swift */ = {isa = PBXFileReference; lastKnownFileType = sourcecode.swift; path = ContentView.swift; sourceTree = "<group>"; };
		154D205E2C4DF07D0025B253 /* Preview Assets.xcassets */ = {isa = PBXFileReference; lastKnownFileType = folder.assetcatalog; path = "Preview Assets.xcassets"; sourceTree = "<group>"; };
		154D20652C4DF0990025B253 /* Assets.xcassets */ = {isa = PBXFileReference; lastKnownFileType = folder.assetcatalog; path = Assets.xcassets; sourceTree = "<group>"; };
		154D206A2C4DF1A90025B253 /* Location.swift */ = {isa = PBXFileReference; lastKnownFileType = sourcecode.swift; path = Location.swift; sourceTree = "<group>"; };
		154D206D2C4DF2AD0025B253 /* LocationsDataService.swift */ = {isa = PBXFileReference; fileEncoding = 4; lastKnownFileType = sourcecode.swift; path = LocationsDataService.swift; sourceTree = "<group>"; };
		15AECD312C4EF7130034323D /* LocationsView.swift */ = {isa = PBXFileReference; lastKnownFileType = sourcecode.swift; path = LocationsView.swift; sourceTree = "<group>"; };
		15AECD332C4F35E80034323D /* LocationsViewModel.swift */ = {isa = PBXFileReference; lastKnownFileType = sourcecode.swift; path = LocationsViewModel.swift; sourceTree = "<group>"; };
/* End PBXFileReference section */

/* Begin PBXFrameworksBuildPhase section */
		154D20512C4DF07C0025B253 /* Frameworks */ = {
			isa = PBXFrameworksBuildPhase;
			buildActionMask = 2147483647;
			files = (
			);
			runOnlyForDeploymentPostprocessing = 0;
		};
/* End PBXFrameworksBuildPhase section */

/* Begin PBXGroup section */
		154D204B2C4DF07C0025B253 = {
			isa = PBXGroup;
			children = (
				154D20562C4DF07C0025B253 /* Demo-SwiftUI-MapApp */,
				154D20552C4DF07C0025B253 /* Products */,
			);
			sourceTree = "<group>";
		};
		154D20552C4DF07C0025B253 /* Products */ = {
			isa = PBXGroup;
			children = (
				154D20542C4DF07C0025B253 /* Demo-SwiftUI-MapApp.app */,
			);
			name = Products;
			sourceTree = "<group>";
		};
		154D20562C4DF07C0025B253 /* Demo-SwiftUI-MapApp */ = {
			isa = PBXGroup;
			children = (
				154D20652C4DF0990025B253 /* Assets.xcassets */,
				154D20592C4DF07C0025B253 /* ContentView.swift */,
				154D20572C4DF07C0025B253 /* Demo_SwiftUI_MapAppApp.swift */,
				154D206C2C4DF2900025B253 /* DataServices */,
				154D20672C4DF1730025B253 /* Models */,
				154D205D2C4DF07D0025B253 /* Preview Content */,
				154D20692C4DF17E0025B253 /* ViewModels */,
				154D20682C4DF1790025B253 /* Views */,
			);
			path = "Demo-SwiftUI-MapApp";
			sourceTree = "<group>";
		};
		154D205D2C4DF07D0025B253 /* Preview Content */ = {
			isa = PBXGroup;
			children = (
				154D205E2C4DF07D0025B253 /* Preview Assets.xcassets */,
			);
			path = "Preview Content";
			sourceTree = "<group>";
		};
		154D20672C4DF1730025B253 /* Models */ = {
			isa = PBXGroup;
			children = (
				154D206A2C4DF1A90025B253 /* Location.swift */,
			);
			path = Models;
			sourceTree = "<group>";
		};
		154D20682C4DF1790025B253 /* Views */ = {
			isa = PBXGroup;
			children = (
				15AECD312C4EF7130034323D /* LocationsView.swift */,
			);
			path = Views;
			sourceTree = "<group>";
		};
		154D20692C4DF17E0025B253 /* ViewModels */ = {
			isa = PBXGroup;
			children = (
				15AECD332C4F35E80034323D /* LocationsViewModel.swift */,
			);
			path = ViewModels;
			sourceTree = "<group>";
		};
		154D206C2C4DF2900025B253 /* DataServices */ = {
			isa = PBXGroup;
			children = (
				154D206D2C4DF2AD0025B253 /* LocationsDataService.swift */,
			);
			path = DataServices;
			sourceTree = "<group>";
		};
/* End PBXGroup section */

/* Begin PBXNativeTarget section */
		154D20532C4DF07C0025B253 /* Demo-SwiftUI-MapApp */ = {
			isa = PBXNativeTarget;
			buildConfigurationList = 154D20622C4DF07D0025B253 /* Build configuration list for PBXNativeTarget "Demo-SwiftUI-MapApp" */;
			buildPhases = (
				154D20502C4DF07C0025B253 /* Sources */,
				154D20512C4DF07C0025B253 /* Frameworks */,
				154D20522C4DF07C0025B253 /* Resources */,
			);
			buildRules = (
			);
			dependencies = (
			);
			name = "Demo-SwiftUI-MapApp";
			productName = "Demo-SwiftUI-MapApp";
			productReference = 154D20542C4DF07C0025B253 /* Demo-SwiftUI-MapApp.app */;
			productType = "com.apple.product-type.application";
		};
/* End PBXNativeTarget section */

/* Begin PBXProject section */
		154D204C2C4DF07C0025B253 /* Project object */ = {
			isa = PBXProject;
			attributes = {
				BuildIndependentTargetsInParallel = 1;
				LastSwiftUpdateCheck = 1540;
				LastUpgradeCheck = 1540;
				TargetAttributes = {
					154D20532C4DF07C0025B253 = {
						CreatedOnToolsVersion = 15.4;
					};
				};
			};
			buildConfigurationList = 154D204F2C4DF07C0025B253 /* Build configuration list for PBXProject "Demo-SwiftUI-MapApp" */;
			compatibilityVersion = "Xcode 14.0";
			developmentRegion = en;
			hasScannedForEncodings = 0;
			knownRegions = (
				en,
				Base,
			);
			mainGroup = 154D204B2C4DF07C0025B253;
			productRefGroup = 154D20552C4DF07C0025B253 /* Products */;
			projectDirPath = "";
			projectRoot = "";
			targets = (
				154D20532C4DF07C0025B253 /* Demo-SwiftUI-MapApp */,
			);
		};
/* End PBXProject section */

/* Begin PBXResourcesBuildPhase section */
		154D20522C4DF07C0025B253 /* Resources */ = {
			isa = PBXResourcesBuildPhase;
			buildActionMask = 2147483647;
			files = (
				154D20662C4DF0990025B253 /* Assets.xcassets in Resources */,
				154D205F2C4DF07D0025B253 /* Preview Assets.xcassets in Resources */,
			);
			runOnlyForDeploymentPostprocessing = 0;
		};
/* End PBXResourcesBuildPhase section */

/* Begin PBXSourcesBuildPhase section */
		154D20502C4DF07C0025B253 /* Sources */ = {
			isa = PBXSourcesBuildPhase;
			buildActionMask = 2147483647;
			files = (
				154D206E2C4DF2AD0025B253 /* LocationsDataService.swift in Sources */,
				15AECD342C4F35E80034323D /* LocationsViewModel.swift in Sources */,
				154D205A2C4DF07C0025B253 /* ContentView.swift in Sources */,
				15AECD322C4EF7130034323D /* LocationsView.swift in Sources */,
				154D206B2C4DF1A90025B253 /* Location.swift in Sources */,
				154D20582C4DF07C0025B253 /* Demo_SwiftUI_MapAppApp.swift in Sources */,
			);
			runOnlyForDeploymentPostprocessing = 0;
		};
/* End PBXSourcesBuildPhase section */

/* Begin XCBuildConfiguration section */
		154D20602C4DF07D0025B253 /* Debug */ = {
			isa = XCBuildConfiguration;
			buildSettings = {
				ALWAYS_SEARCH_USER_PATHS = NO;
				ASSETCATALOG_COMPILER_GENERATE_SWIFT_ASSET_SYMBOL_EXTENSIONS = YES;
				CLANG_ANALYZER_NONNULL = YES;
				CLANG_ANALYZER_NUMBER_OBJECT_CONVERSION = YES_AGGRESSIVE;
				CLANG_CXX_LANGUAGE_STANDARD = "gnu++20";
				CLANG_ENABLE_MODULES = YES;
				CLANG_ENABLE_OBJC_ARC = YES;
				CLANG_ENABLE_OBJC_WEAK = YES;
				CLANG_WARN_BLOCK_CAPTURE_AUTORELEASING = YES;
				CLANG_WARN_BOOL_CONVERSION = YES;
				CLANG_WARN_COMMA = YES;
				CLANG_WARN_CONSTANT_CONVERSION = YES;
				CLANG_WARN_DEPRECATED_OBJC_IMPLEMENTATIONS = YES;
				CLANG_WARN_DIRECT_OBJC_ISA_USAGE = YES_ERROR;
				CLANG_WARN_DOCUMENTATION_COMMENTS = YES;
				CLANG_WARN_EMPTY_BODY = YES;
				CLANG_WARN_ENUM_CONVERSION = YES;
				CLANG_WARN_INFINITE_RECURSION = YES;
				CLANG_WARN_INT_CONVERSION = YES;
				CLANG_WARN_NON_LITERAL_NULL_CONVERSION = YES;
				CLANG_WARN_OBJC_IMPLICIT_RETAIN_SELF = YES;
				CLANG_WARN_OBJC_LITERAL_CONVERSION = YES;
				CLANG_WARN_OBJC_ROOT_CLASS = YES_ERROR;
				CLANG_WARN_QUOTED_INCLUDE_IN_FRAMEWORK_HEADER = YES;
				CLANG_WARN_RANGE_LOOP_ANALYSIS = YES;
				CLANG_WARN_STRICT_PROTOTYPES = YES;
				CLANG_WARN_SUSPICIOUS_MOVE = YES;
				CLANG_WARN_UNGUARDED_AVAILABILITY = YES_AGGRESSIVE;
				CLANG_WARN_UNREACHABLE_CODE = YES;
				CLANG_WARN__DUPLICATE_METHOD_MATCH = YES;
				COPY_PHASE_STRIP = NO;
				DEBUG_INFORMATION_FORMAT = dwarf;
				ENABLE_STRICT_OBJC_MSGSEND = YES;
				ENABLE_TESTABILITY = YES;
				ENABLE_USER_SCRIPT_SANDBOXING = YES;
				GCC_C_LANGUAGE_STANDARD = gnu17;
				GCC_DYNAMIC_NO_PIC = NO;
				GCC_NO_COMMON_BLOCKS = YES;
				GCC_OPTIMIZATION_LEVEL = 0;
				GCC_PREPROCESSOR_DEFINITIONS = (
					"DEBUG=1",
					"$(inherited)",
				);
				GCC_WARN_64_TO_32_BIT_CONVERSION = YES;
				GCC_WARN_ABOUT_RETURN_TYPE = YES_ERROR;
				GCC_WARN_UNDECLARED_SELECTOR = YES;
				GCC_WARN_UNINITIALIZED_AUTOS = YES_AGGRESSIVE;
				GCC_WARN_UNUSED_FUNCTION = YES;
				GCC_WARN_UNUSED_VARIABLE = YES;
				IPHONEOS_DEPLOYMENT_TARGET = 17.5;
				LOCALIZATION_PREFERS_STRING_CATALOGS = YES;
				MTL_ENABLE_DEBUG_INFO = INCLUDE_SOURCE;
				MTL_FAST_MATH = YES;
				ONLY_ACTIVE_ARCH = YES;
				SDKROOT = iphoneos;
				SWIFT_ACTIVE_COMPILATION_CONDITIONS = "DEBUG $(inherited)";
				SWIFT_OPTIMIZATION_LEVEL = "-Onone";
			};
			name = Debug;
		};
		154D20612C4DF07D0025B253 /* Release */ = {
			isa = XCBuildConfiguration;
			buildSettings = {
				ALWAYS_SEARCH_USER_PATHS = NO;
				ASSETCATALOG_COMPILER_GENERATE_SWIFT_ASSET_SYMBOL_EXTENSIONS = YES;
				CLANG_ANALYZER_NONNULL = YES;
				CLANG_ANALYZER_NUMBER_OBJECT_CONVERSION = YES_AGGRESSIVE;
				CLANG_CXX_LANGUAGE_STANDARD = "gnu++20";
				CLANG_ENABLE_MODULES = YES;
				CLANG_ENABLE_OBJC_ARC = YES;
				CLANG_ENABLE_OBJC_WEAK = YES;
				CLANG_WARN_BLOCK_CAPTURE_AUTORELEASING = YES;
				CLANG_WARN_BOOL_CONVERSION = YES;
				CLANG_WARN_COMMA = YES;
				CLANG_WARN_CONSTANT_CONVERSION = YES;
				CLANG_WARN_DEPRECATED_OBJC_IMPLEMENTATIONS = YES;
				CLANG_WARN_DIRECT_OBJC_ISA_USAGE = YES_ERROR;
				CLANG_WARN_DOCUMENTATION_COMMENTS = YES;
				CLANG_WARN_EMPTY_BODY = YES;
				CLANG_WARN_ENUM_CONVERSION = YES;
				CLANG_WARN_INFINITE_RECURSION = YES;
				CLANG_WARN_INT_CONVERSION = YES;
				CLANG_WARN_NON_LITERAL_NULL_CONVERSION = YES;
				CLANG_WARN_OBJC_IMPLICIT_RETAIN_SELF = YES;
				CLANG_WARN_OBJC_LITERAL_CONVERSION = YES;
				CLANG_WARN_OBJC_ROOT_CLASS = YES_ERROR;
				CLANG_WARN_QUOTED_INCLUDE_IN_FRAMEWORK_HEADER = YES;
				CLANG_WARN_RANGE_LOOP_ANALYSIS = YES;
				CLANG_WARN_STRICT_PROTOTYPES = YES;
				CLANG_WARN_SUSPICIOUS_MOVE = YES;
				CLANG_WARN_UNGUARDED_AVAILABILITY = YES_AGGRESSIVE;
				CLANG_WARN_UNREACHABLE_CODE = YES;
				CLANG_WARN__DUPLICATE_METHOD_MATCH = YES;
				COPY_PHASE_STRIP = NO;
				DEBUG_INFORMATION_FORMAT = "dwarf-with-dsym";
				ENABLE_NS_ASSERTIONS = NO;
				ENABLE_STRICT_OBJC_MSGSEND = YES;
				ENABLE_USER_SCRIPT_SANDBOXING = YES;
				GCC_C_LANGUAGE_STANDARD = gnu17;
				GCC_NO_COMMON_BLOCKS = YES;
				GCC_WARN_64_TO_32_BIT_CONVERSION = YES;
				GCC_WARN_ABOUT_RETURN_TYPE = YES_ERROR;
				GCC_WARN_UNDECLARED_SELECTOR = YES;
				GCC_WARN_UNINITIALIZED_AUTOS = YES_AGGRESSIVE;
				GCC_WARN_UNUSED_FUNCTION = YES;
				GCC_WARN_UNUSED_VARIABLE = YES;
				IPHONEOS_DEPLOYMENT_TARGET = 17.5;
				LOCALIZATION_PREFERS_STRING_CATALOGS = YES;
				MTL_ENABLE_DEBUG_INFO = NO;
				MTL_FAST_MATH = YES;
				SDKROOT = iphoneos;
				SWIFT_COMPILATION_MODE = wholemodule;
				VALIDATE_PRODUCT = YES;
			};
			name = Release;
		};
		154D20632C4DF07D0025B253 /* Debug */ = {
			isa = XCBuildConfiguration;
			buildSettings = {
				ASSETCATALOG_COMPILER_APPICON_NAME = AppIcon;
				ASSETCATALOG_COMPILER_GLOBAL_ACCENT_COLOR_NAME = AccentColor;
				CODE_SIGN_STYLE = Automatic;
				CURRENT_PROJECT_VERSION = 1;
				DEVELOPMENT_ASSET_PATHS = "\"Demo-SwiftUI-MapApp/Preview Content\"";
				DEVELOPMENT_TEAM = 6PD6X5F55R;
				ENABLE_PREVIEWS = YES;
				GENERATE_INFOPLIST_FILE = YES;
				INFOPLIST_KEY_UIApplicationSceneManifest_Generation = YES;
				INFOPLIST_KEY_UIApplicationSupportsIndirectInputEvents = YES;
				INFOPLIST_KEY_UILaunchScreen_Generation = YES;
				INFOPLIST_KEY_UISupportedInterfaceOrientations_iPad = "UIInterfaceOrientationPortrait UIInterfaceOrientationPortraitUpsideDown UIInterfaceOrientationLandscapeLeft UIInterfaceOrientationLandscapeRight";
				INFOPLIST_KEY_UISupportedInterfaceOrientations_iPhone = "UIInterfaceOrientationPortrait UIInterfaceOrientationLandscapeLeft UIInterfaceOrientationLandscapeRight";
				LD_RUNPATH_SEARCH_PATHS = (
					"$(inherited)",
					"@executable_path/Frameworks",
				);
				MARKETING_VERSION = 1.0;
				PRODUCT_BUNDLE_IDENTIFIER = "com.DerenOrg.Demo-SwiftUI-MapApp";
				PRODUCT_NAME = "$(TARGET_NAME)";
				SWIFT_EMIT_LOC_STRINGS = YES;
				SWIFT_VERSION = 5.0;
				TARGETED_DEVICE_FAMILY = "1,2";
			};
			name = Debug;
		};
		154D20642C4DF07D0025B253 /* Release */ = {
			isa = XCBuildConfiguration;
			buildSettings = {
				ASSETCATALOG_COMPILER_APPICON_NAME = AppIcon;
				ASSETCATALOG_COMPILER_GLOBAL_ACCENT_COLOR_NAME = AccentColor;
				CODE_SIGN_STYLE = Automatic;
				CURRENT_PROJECT_VERSION = 1;
				DEVELOPMENT_ASSET_PATHS = "\"Demo-SwiftUI-MapApp/Preview Content\"";
				DEVELOPMENT_TEAM = 6PD6X5F55R;
				ENABLE_PREVIEWS = YES;
				GENERATE_INFOPLIST_FILE = YES;
				INFOPLIST_KEY_UIApplicationSceneManifest_Generation = YES;
				INFOPLIST_KEY_UIApplicationSupportsIndirectInputEvents = YES;
				INFOPLIST_KEY_UILaunchScreen_Generation = YES;
				INFOPLIST_KEY_UISupportedInterfaceOrientations_iPad = "UIInterfaceOrientationPortrait UIInterfaceOrientationPortraitUpsideDown UIInterfaceOrientationLandscapeLeft UIInterfaceOrientationLandscapeRight";
				INFOPLIST_KEY_UISupportedInterfaceOrientations_iPhone = "UIInterfaceOrientationPortrait UIInterfaceOrientationLandscapeLeft UIInterfaceOrientationLandscapeRight";
				LD_RUNPATH_SEARCH_PATHS = (
					"$(inherited)",
					"@executable_path/Frameworks",
				);
				MARKETING_VERSION = 1.0;
				PRODUCT_BUNDLE_IDENTIFIER = "com.DerenOrg.Demo-SwiftUI-MapApp";
				PRODUCT_NAME = "$(TARGET_NAME)";
				SWIFT_EMIT_LOC_STRINGS = YES;
				SWIFT_VERSION = 5.0;
				TARGETED_DEVICE_FAMILY = "1,2";
			};
			name = Release;
		};
/* End XCBuildConfiguration section */

/* Begin XCConfigurationList section */
		154D204F2C4DF07C0025B253 /* Build configuration list for PBXProject "Demo-SwiftUI-MapApp" */ = {
			isa = XCConfigurationList;
			buildConfigurations = (
				154D20602C4DF07D0025B253 /* Debug */,
				154D20612C4DF07D0025B253 /* Release */,
			);
			defaultConfigurationIsVisible = 0;
			defaultConfigurationName = Release;
		};
		154D20622C4DF07D0025B253 /* Build configuration list for PBXNativeTarget "Demo-SwiftUI-MapApp" */ = {
			isa = XCConfigurationList;
			buildConfigurations = (
				154D20632C4DF07D0025B253 /* Debug */,
				154D20642C4DF07D0025B253 /* Release */,
			);
			defaultConfigurationIsVisible = 0;
			defaultConfigurationName = Release;
		};
/* End XCConfigurationList section */
	};
	rootObject = 154D204C2C4DF07C0025B253 /* Project object */;
}
